
Microsoft Visual Studio Solution File, Format Version 12.00
# Visual Studio Version 16
VisualStudioVersion = 16.0.31105.61
MinimumVisualStudioVersion = 10.0.40219.1
Project("{FAE04EC0-301F-11D3-BF4B-00C04F79EFBC}") = "Ejercicio_Promedio", "Ejercicio_Promedio\Ejercicio_Promedio.csproj", "{7602E5F9-F0D9-4C07-96E1-B525631E7362}"
EndProject
Global
	GlobalSection(SolutionConfigurationPlatforms) = preSolution
		Debug|Any CPU = Debug|Any CPU
		Release|Any CPU = Release|Any CPU
	EndGlobalSection
	GlobalSection(ProjectConfigurationPlatforms) = postSolution
		{7602E5F9-F0D9-4C07-96E1-B525631E7362}.Debug|Any CPU.ActiveCfg = Debug|Any CPU
		{7602E5F9-F0D9-4C07-96E1-B525631E7362}.Debug|Any CPU.Build.0 = Debug|Any CPU
		{7602E5F9-F0D9-4C07-96E1-B525631E7362}.Release|Any CPU.ActiveCfg = Release|Any CPU
		{7602E5F9-F0D9-4C07-96E1-B525631E7362}.Release|Any CPU.Build.0 = Release|Any CPU
	EndGlobalSection
	GlobalSection(SolutionProperties) = preSolution
		HideSolutionNode = FALSE
	EndGlobalSection
	GlobalSection(ExtensibilityGlobals) = postSolution
		SolutionGuid = {8CE2F0C7-8D69-462F-9D21-9020C3E24403}
	EndGlobalSection
EndGlobal
